
Microsoft Visual Studio Solution File, Format Version 12.00
# Visual Studio Version 17
VisualStudioVersion = 17.8.34330.188
MinimumVisualStudioVersion = 10.0.40219.1
Project("{FAE04EC0-301F-11D3-BF4B-00C04F79EFBC}") = "CoffeeShopAPI", "CoffeeShopAPI\CoffeeShopAPI.csproj", "{CC4FE82D-8061-4E10-A401-A1613B9F101B}"
EndProject
Global
	GlobalSection(SolutionConfigurationPlatforms) = preSolution
		Debug|Any CPU = Debug|Any CPU
		Release|Any CPU = Release|Any CPU
	EndGlobalSection
	GlobalSection(ProjectConfigurationPlatforms) = postSolution
		{CC4FE82D-8061-4E10-A401-A1613B9F101B}.Debug|Any CPU.ActiveCfg = Debug|Any CPU
		{CC4FE82D-8061-4E10-A401-A1613B9F101B}.Debug|Any CPU.Build.0 = Debug|Any CPU
		{CC4FE82D-8061-4E10-A401-A1613B9F101B}.Release|Any CPU.ActiveCfg = Release|Any CPU
		{CC4FE82D-8061-4E10-A401-A1613B9F101B}.Release|Any CPU.Build.0 = Release|Any CPU
	EndGlobalSection
	GlobalSection(SolutionProperties) = preSolution
		HideSolutionNode = FALSE
	EndGlobalSection
	GlobalSection(ExtensibilityGlobals) = postSolution
		SolutionGuid = {D449B80A-C046-47F2-886E-48899FCC4BA0}
	EndGlobalSection
EndGlobal
